
Microsoft Visual Studio Solution File, Format Version 12.00
# Visual Studio 2012
Project("{FAE04EC0-301F-11D3-BF4B-00C04F79EFBC}") = "MagicCardDatabaseGatherer", "MagicCardDatabaseGatherer\MagicCardDatabaseGatherer.csproj", "{2847F7A8-6B17-4B6B-9D1E-8ADC44AA4B87}"
EndProject
Project("{FAE04EC0-301F-11D3-BF4B-00C04F79EFBC}") = "EixoX", "..\..\csharp-jetfuel\EixoX\EixoX.csproj", "{0A418683-14D0-433F-BA4D-C4919C8069A7}"
EndProject
Project("{FAE04EC0-301F-11D3-BF4B-00C04F79EFBC}") = "BlackLotus.Cards", "..\TheBlackLotus\BlackLotus.Cards\BlackLotus.Cards.csproj", "{BBAC20C0-51B6-46CB-BF1C-20E7E8B17B43}"
EndProject
Project("{FAE04EC0-301F-11D3-BF4B-00C04F79EFBC}") = "Helpers", "..\..\Helpers\Helpers\Helpers.csproj", "{4BB3678D-5975-4117-B6D9-DBC476B115F2}"
EndProject
Global
	GlobalSection(SolutionConfigurationPlatforms) = preSolution
		Debug|Any CPU = Debug|Any CPU
		Release|Any CPU = Release|Any CPU
	EndGlobalSection
	GlobalSection(ProjectConfigurationPlatforms) = postSolution
		{2847F7A8-6B17-4B6B-9D1E-8ADC44AA4B87}.Debug|Any CPU.ActiveCfg = Debug|Any CPU
		{2847F7A8-6B17-4B6B-9D1E-8ADC44AA4B87}.Debug|Any CPU.Build.0 = Debug|Any CPU
		{2847F7A8-6B17-4B6B-9D1E-8ADC44AA4B87}.Release|Any CPU.ActiveCfg = Release|Any CPU
		{2847F7A8-6B17-4B6B-9D1E-8ADC44AA4B87}.Release|Any CPU.Build.0 = Release|Any CPU
		{0A418683-14D0-433F-BA4D-C4919C8069A7}.Debug|Any CPU.ActiveCfg = Debug|Any CPU
		{0A418683-14D0-433F-BA4D-C4919C8069A7}.Debug|Any CPU.Build.0 = Debug|Any CPU
		{0A418683-14D0-433F-BA4D-C4919C8069A7}.Release|Any CPU.ActiveCfg = Release|Any CPU
		{0A418683-14D0-433F-BA4D-C4919C8069A7}.Release|Any CPU.Build.0 = Release|Any CPU
		{BBAC20C0-51B6-46CB-BF1C-20E7E8B17B43}.Debug|Any CPU.ActiveCfg = Debug|Any CPU
		{BBAC20C0-51B6-46CB-BF1C-20E7E8B17B43}.Debug|Any CPU.Build.0 = Debug|Any CPU
		{BBAC20C0-51B6-46CB-BF1C-20E7E8B17B43}.Release|Any CPU.ActiveCfg = Release|Any CPU
		{BBAC20C0-51B6-46CB-BF1C-20E7E8B17B43}.Release|Any CPU.Build.0 = Release|Any CPU
		{4BB3678D-5975-4117-B6D9-DBC476B115F2}.Debug|Any CPU.ActiveCfg = Debug|Any CPU
		{4BB3678D-5975-4117-B6D9-DBC476B115F2}.Debug|Any CPU.Build.0 = Debug|Any CPU
		{4BB3678D-5975-4117-B6D9-DBC476B115F2}.Release|Any CPU.ActiveCfg = Release|Any CPU
		{4BB3678D-5975-4117-B6D9-DBC476B115F2}.Release|Any CPU.Build.0 = Release|Any CPU
	EndGlobalSection
	GlobalSection(SolutionProperties) = preSolution
		HideSolutionNode = FALSE
	EndGlobalSection
EndGlobal
